
Microsoft Visual Studio Solution File, Format Version 12.00
# Visual Studio 14
VisualStudioVersion = 14.0.25420.1
MinimumVisualStudioVersion = 10.0.40219.1
Project("{8BC9CEB8-8B4A-11D0-8D11-00A0C91BC942}") = "helloOpenCV", "helloOpenCV\helloOpenCV.vcxproj", "{FA84CA16-6C4F-4C1C-96F8-71448E0C7492}"
EndProject
Project("{8BC9CEB8-8B4A-11D0-8D11-00A0C91BC942}") = "image_roi", "image_roi\image_roi.vcxproj", "{140D1DE1-32D4-4046-94D9-517347D4B04E}"
EndProject
Project("{8BC9CEB8-8B4A-11D0-8D11-00A0C91BC942}") = "FaceDetect", "FaceDetect\FaceDetect.vcxproj", "{18A1E3D6-5872-4C0E-ACBD-B1C48F5E2F40}"
EndProject
Project("{8BC9CEB8-8B4A-11D0-8D11-00A0C91BC942}") = "cvMatTest", "cvMatTest\cvMatTest.vcxproj", "{7D06C4B3-88E7-47CB-B0F0-6B7A0F1B119B}"
EndProject
Project("{8BC9CEB8-8B4A-11D0-8D11-00A0C91BC942}") = "Histogram", "Histogram\Histogram.vcxproj", "{64F24205-EA28-419E-9FF0-3A20CD7EDBF9}"
EndProject
Project("{8BC9CEB8-8B4A-11D0-8D11-00A0C91BC942}") = "OpticalFlow", "OpticalFlow\OpticalFlow.vcxproj", "{16B0FD79-975C-487A-A259-F35D47139489}"
EndProject
Project("{8BC9CEB8-8B4A-11D0-8D11-00A0C91BC942}") = "ColoredObjectTracker", "ColoredObjectTracker\ColoredObjectTracker.vcxproj", "{A2C62147-8D49-437F-B845-28F48EB5C25D}"
EndProject
Project("{8BC9CEB8-8B4A-11D0-8D11-00A0C91BC942}") = "frameDifferencing", "frameDifferencing\frameDifferencing.vcxproj", "{F35BB41D-3F2B-45CA-8FB0-EE6CE14FFA8C}"
EndProject
Global
	GlobalSection(SolutionConfigurationPlatforms) = preSolution
		Debug|x64 = Debug|x64
		Debug|x86 = Debug|x86
		Release|x64 = Release|x64
		Release|x86 = Release|x86
	EndGlobalSection
	GlobalSection(ProjectConfigurationPlatforms) = postSolution
		{FA84CA16-6C4F-4C1C-96F8-71448E0C7492}.Debug|x64.ActiveCfg = Debug|x64
		{FA84CA16-6C4F-4C1C-96F8-71448E0C7492}.Debug|x64.Build.0 = Debug|x64
		{FA84CA16-6C4F-4C1C-96F8-71448E0C7492}.Debug|x86.ActiveCfg = Debug|Win32
		{FA84CA16-6C4F-4C1C-96F8-71448E0C7492}.Debug|x86.Build.0 = Debug|Win32
		{FA84CA16-6C4F-4C1C-96F8-71448E0C7492}.Release|x64.ActiveCfg = Release|x64
		{FA84CA16-6C4F-4C1C-96F8-71448E0C7492}.Release|x64.Build.0 = Release|x64
		{FA84CA16-6C4F-4C1C-96F8-71448E0C7492}.Release|x86.ActiveCfg = Release|Win32
		{FA84CA16-6C4F-4C1C-96F8-71448E0C7492}.Release|x86.Build.0 = Release|Win32
		{140D1DE1-32D4-4046-94D9-517347D4B04E}.Debug|x64.ActiveCfg = Debug|x64
		{140D1DE1-32D4-4046-94D9-517347D4B04E}.Debug|x64.Build.0 = Debug|x64
		{140D1DE1-32D4-4046-94D9-517347D4B04E}.Debug|x86.ActiveCfg = Debug|Win32
		{140D1DE1-32D4-4046-94D9-517347D4B04E}.Debug|x86.Build.0 = Debug|Win32
		{140D1DE1-32D4-4046-94D9-517347D4B04E}.Release|x64.ActiveCfg = Release|x64
		{140D1DE1-32D4-4046-94D9-517347D4B04E}.Release|x64.Build.0 = Release|x64
		{140D1DE1-32D4-4046-94D9-517347D4B04E}.Release|x86.ActiveCfg = Release|Win32
		{140D1DE1-32D4-4046-94D9-517347D4B04E}.Release|x86.Build.0 = Release|Win32
		{18A1E3D6-5872-4C0E-ACBD-B1C48F5E2F40}.Debug|x64.ActiveCfg = Debug|x64
		{18A1E3D6-5872-4C0E-ACBD-B1C48F5E2F40}.Debug|x64.Build.0 = Debug|x64
		{18A1E3D6-5872-4C0E-ACBD-B1C48F5E2F40}.Debug|x86.ActiveCfg = Debug|Win32
		{18A1E3D6-5872-4C0E-ACBD-B1C48F5E2F40}.Debug|x86.Build.0 = Debug|Win32
		{18A1E3D6-5872-4C0E-ACBD-B1C48F5E2F40}.Release|x64.ActiveCfg = Release|x64
		{18A1E3D6-5872-4C0E-ACBD-B1C48F5E2F40}.Release|x64.Build.0 = Release|x64
		{18A1E3D6-5872-4C0E-ACBD-B1C48F5E2F40}.Release|x86.ActiveCfg = Release|Win32
		{18A1E3D6-5872-4C0E-ACBD-B1C48F5E2F40}.Release|x86.Build.0 = Release|Win32
		{7D06C4B3-88E7-47CB-B0F0-6B7A0F1B119B}.Debug|x64.ActiveCfg = Debug|x64
		{7D06C4B3-88E7-47CB-B0F0-6B7A0F1B119B}.Debug|x64.Build.0 = Debug|x64
		{7D06C4B3-88E7-47CB-B0F0-6B7A0F1B119B}.Debug|x86.ActiveCfg = Debug|Win32
		{7D06C4B3-88E7-47CB-B0F0-6B7A0F1B119B}.Debug|x86.Build.0 = Debug|Win32
		{7D06C4B3-88E7-47CB-B0F0-6B7A0F1B119B}.Release|x64.ActiveCfg = Release|x64
		{7D06C4B3-88E7-47CB-B0F0-6B7A0F1B119B}.Release|x64.Build.0 = Release|x64
		{7D06C4B3-88E7-47CB-B0F0-6B7A0F1B119B}.Release|x86.ActiveCfg = Release|Win32
		{7D06C4B3-88E7-47CB-B0F0-6B7A0F1B119B}.Release|x86.Build.0 = Release|Win32
		{64F24205-EA28-419E-9FF0-3A20CD7EDBF9}.Debug|x64.ActiveCfg = Debug|x64
		{64F24205-EA28-419E-9FF0-3A20CD7EDBF9}.Debug|x64.Build.0 = Debug|x64
		{64F24205-EA28-419E-9FF0-3A20CD7EDBF9}.Debug|x86.ActiveCfg = Debug|Win32
		{64F24205-EA28-419E-9FF0-3A20CD7EDBF9}.Debug|x86.Build.0 = Debug|Win32
		{64F24205-EA28-419E-9FF0-3A20CD7EDBF9}.Release|x64.ActiveCfg = Release|x64
		{64F24205-EA28-419E-9FF0-3A20CD7EDBF9}.Release|x64.Build.0 = Release|x64
		{64F24205-EA28-419E-9FF0-3A20CD7EDBF9}.Release|x86.ActiveCfg = Release|Win32
		{64F24205-EA28-419E-9FF0-3A20CD7EDBF9}.Release|x86.Build.0 = Release|Win32
		{16B0FD79-975C-487A-A259-F35D47139489}.Debug|x64.ActiveCfg = Debug|x64
		{16B0FD79-975C-487A-A259-F35D47139489}.Debug|x64.Build.0 = Debug|x64
		{16B0FD79-975C-487A-A259-F35D47139489}.Debug|x86.ActiveCfg = Debug|Win32
		{16B0FD79-975C-487A-A259-F35D47139489}.Debug|x86.Build.0 = Debug|Win32
		{16B0FD79-975C-487A-A259-F35D47139489}.Release|x64.ActiveCfg = Release|x64
		{16B0FD79-975C-487A-A259-F35D47139489}.Release|x64.Build.0 = Release|x64
		{16B0FD79-975C-487A-A259-F35D47139489}.Release|x86.ActiveCfg = Release|Win32
		{16B0FD79-975C-487A-A259-F35D47139489}.Release|x86.Build.0 = Release|Win32
		{A2C62147-8D49-437F-B845-28F48EB5C25D}.Debug|x64.ActiveCfg = Debug|x64
		{A2C62147-8D49-437F-B845-28F48EB5C25D}.Debug|x64.Build.0 = Debug|x64
		{A2C62147-8D49-437F-B845-28F48EB5C25D}.Debug|x86.ActiveCfg = Debug|Win32
		{A2C62147-8D49-437F-B845-28F48EB5C25D}.Debug|x86.Build.0 = Debug|Win32
		{A2C62147-8D49-437F-B845-28F48EB5C25D}.Release|x64.ActiveCfg = Release|x64
		{A2C62147-8D49-437F-B845-28F48EB5C25D}.Release|x64.Build.0 = Release|x64
		{A2C62147-8D49-437F-B845-28F48EB5C25D}.Release|x86.ActiveCfg = Release|Win32
		{A2C62147-8D49-437F-B845-28F48EB5C25D}.Release|x86.Build.0 = Release|Win32
		{F35BB41D-3F2B-45CA-8FB0-EE6CE14FFA8C}.Debug|x64.ActiveCfg = Debug|x64
		{F35BB41D-3F2B-45CA-8FB0-EE6CE14FFA8C}.Debug|x64.Build.0 = Debug|x64
		{F35BB41D-3F2B-45CA-8FB0-EE6CE14FFA8C}.Debug|x86.ActiveCfg = Debug|Win32
		{F35BB41D-3F2B-45CA-8FB0-EE6CE14FFA8C}.Debug|x86.Build.0 = Debug|Win32
		{F35BB41D-3F2B-45CA-8FB0-EE6CE14FFA8C}.Release|x64.ActiveCfg = Release|x64
		{F35BB41D-3F2B-45CA-8FB0-EE6CE14FFA8C}.Release|x64.Build.0 = Release|x64
		{F35BB41D-3F2B-45CA-8FB0-EE6CE14FFA8C}.Release|x86.ActiveCfg = Release|Win32
		{F35BB41D-3F2B-45CA-8FB0-EE6CE14FFA8C}.Release|x86.Build.0 = Release|Win32
	EndGlobalSection
	GlobalSection(SolutionProperties) = preSolution
		HideSolutionNode = FALSE
	EndGlobalSection
EndGlobal
